
Microsoft Visual Studio Solution File, Format Version 12.00
# Visual Studio Version 17
VisualStudioVersion = 17.5.002.0
MinimumVisualStudioVersion = 10.0.40219.1
Project("{9A19103F-16F7-4668-BE54-9A1E7A4F7556}") = "Bola", "Bola.csproj", "{8EB097F4-A11E-4F8F-B825-77283C11B570}"
EndProject
Global
	GlobalSection(SolutionConfigurationPlatforms) = preSolution
		Debug|Any CPU = Debug|Any CPU
		Release|Any CPU = Release|Any CPU
	EndGlobalSection
	GlobalSection(ProjectConfigurationPlatforms) = postSolution
		{8EB097F4-A11E-4F8F-B825-77283C11B570}.Debug|Any CPU.ActiveCfg = Debug|Any CPU
		{8EB097F4-A11E-4F8F-B825-77283C11B570}.Debug|Any CPU.Build.0 = Debug|Any CPU
		{8EB097F4-A11E-4F8F-B825-77283C11B570}.Release|Any CPU.ActiveCfg = Release|Any CPU
		{8EB097F4-A11E-4F8F-B825-77283C11B570}.Release|Any CPU.Build.0 = Release|Any CPU
	EndGlobalSection
	GlobalSection(SolutionProperties) = preSolution
		HideSolutionNode = FALSE
	EndGlobalSection
	GlobalSection(ExtensibilityGlobals) = postSolution
		SolutionGuid = {B9666DDD-F553-49E0-81AF-1887C6942947}
	EndGlobalSection
EndGlobal
